
Microsoft Visual Studio Solution File, Format Version 12.00
# Visual Studio Version 16
VisualStudioVersion = 16.0.31424.327
MinimumVisualStudioVersion = 10.0.40219.1
Project("{FAE04EC0-301F-11D3-BF4B-00C04F79EFBC}") = "estoque", "estoque\estoque.csproj", "{A3B0DF73-7F5C-4F08-840C-C7031C9AC15B}"
EndProject
Global
	GlobalSection(SolutionConfigurationPlatforms) = preSolution
		Debug|Any CPU = Debug|Any CPU
		Release|Any CPU = Release|Any CPU
	EndGlobalSection
	GlobalSection(ProjectConfigurationPlatforms) = postSolution
		{A3B0DF73-7F5C-4F08-840C-C7031C9AC15B}.Debug|Any CPU.ActiveCfg = Debug|Any CPU
		{A3B0DF73-7F5C-4F08-840C-C7031C9AC15B}.Debug|Any CPU.Build.0 = Debug|Any CPU
		{A3B0DF73-7F5C-4F08-840C-C7031C9AC15B}.Release|Any CPU.ActiveCfg = Release|Any CPU
		{A3B0DF73-7F5C-4F08-840C-C7031C9AC15B}.Release|Any CPU.Build.0 = Release|Any CPU
	EndGlobalSection
	GlobalSection(SolutionProperties) = preSolution
		HideSolutionNode = FALSE
	EndGlobalSection
	GlobalSection(ExtensibilityGlobals) = postSolution
		SolutionGuid = {2E400EEE-EE7C-417F-98ED-DCAFD17F9516}
	EndGlobalSection
EndGlobal
